
Microsoft Visual Studio Solution File, Format Version 11.00
# Visual Studio 2010
Project("{8BC9CEB8-8B4A-11D0-8D11-00A0C91BC942}") = "Hills", "Hills.vcxproj", "{FC2B58DF-F226-4714-9798-299876818C65}"
EndProject
Global
	GlobalSection(SolutionConfigurationPlatforms) = preSolution
		Debug|Win32 = Debug|Win32
		Release|Win32 = Release|Win32
	EndGlobalSection
	GlobalSection(ProjectConfigurationPlatforms) = postSolution
		{FC2B58DF-F226-4714-9798-299876818C65}.Debug|Win32.ActiveCfg = Debug|Win32
		{FC2B58DF-F226-4714-9798-299876818C65}.Debug|Win32.Build.0 = Debug|Win32
		{FC2B58DF-F226-4714-9798-299876818C65}.Release|Win32.ActiveCfg = Release|Win32
		{FC2B58DF-F226-4714-9798-299876818C65}.Release|Win32.Build.0 = Release|Win32
	EndGlobalSection
	GlobalSection(SolutionProperties) = preSolution
		HideSolutionNode = FALSE
	EndGlobalSection
EndGlobal
