
Microsoft Visual Studio Solution File, Format Version 11.00
# Visual Studio 2010
Project("{8BC9CEB8-8B4A-11D0-8D11-00A0C91BC942}") = "BasicTessellation", "BasicTessellation.vcxproj", "{116F1CF1-CBE8-435A-A07D-252D7D9F43BC}"
EndProject
Global
	GlobalSection(SolutionConfigurationPlatforms) = preSolution
		Debug|Win32 = Debug|Win32
		Release|Win32 = Release|Win32
	EndGlobalSection
	GlobalSection(ProjectConfigurationPlatforms) = postSolution
		{116F1CF1-CBE8-435A-A07D-252D7D9F43BC}.Debug|Win32.ActiveCfg = Debug|Win32
		{116F1CF1-CBE8-435A-A07D-252D7D9F43BC}.Debug|Win32.Build.0 = Debug|Win32
		{116F1CF1-CBE8-435A-A07D-252D7D9F43BC}.Release|Win32.ActiveCfg = Release|Win32
		{116F1CF1-CBE8-435A-A07D-252D7D9F43BC}.Release|Win32.Build.0 = Release|Win32
	EndGlobalSection
	GlobalSection(SolutionProperties) = preSolution
		HideSolutionNode = FALSE
	EndGlobalSection
EndGlobal
