
Microsoft Visual Studio Solution File, Format Version 11.00
# Visual Studio 2010
Project("{8BC9CEB8-8B4A-11D0-8D11-00A0C91BC942}") = "Init Direct3D", "Init Direct3D.vcxproj", "{415A387B-CAA1-453C-9C2F-EAAF8094859E}"
EndProject
Global
	GlobalSection(SolutionConfigurationPlatforms) = preSolution
		Debug|Win32 = Debug|Win32
		Release|Win32 = Release|Win32
	EndGlobalSection
	GlobalSection(ProjectConfigurationPlatforms) = postSolution
		{415A387B-CAA1-453C-9C2F-EAAF8094859E}.Debug|Win32.ActiveCfg = Debug|Win32
		{415A387B-CAA1-453C-9C2F-EAAF8094859E}.Debug|Win32.Build.0 = Debug|Win32
		{415A387B-CAA1-453C-9C2F-EAAF8094859E}.Release|Win32.ActiveCfg = Release|Win32
		{415A387B-CAA1-453C-9C2F-EAAF8094859E}.Release|Win32.Build.0 = Release|Win32
	EndGlobalSection
	GlobalSection(SolutionProperties) = preSolution
		HideSolutionNode = FALSE
	EndGlobalSection
EndGlobal
