
Microsoft Visual Studio Solution File, Format Version 11.00
# Visual Studio 2010
Project("{8BC9CEB8-8B4A-11D0-8D11-00A0C91BC942}") = "DepthStencilBolt", "DepthStencilBolt.vcxproj", "{93884344-44D8-4A27-8E93-A65E6F6E6A10}"
EndProject
Global
	GlobalSection(SolutionConfigurationPlatforms) = preSolution
		Debug|Win32 = Debug|Win32
		Release|Win32 = Release|Win32
	EndGlobalSection
	GlobalSection(ProjectConfigurationPlatforms) = postSolution
		{93884344-44D8-4A27-8E93-A65E6F6E6A10}.Debug|Win32.ActiveCfg = Debug|Win32
		{93884344-44D8-4A27-8E93-A65E6F6E6A10}.Debug|Win32.Build.0 = Debug|Win32
		{93884344-44D8-4A27-8E93-A65E6F6E6A10}.Release|Win32.ActiveCfg = Release|Win32
		{93884344-44D8-4A27-8E93-A65E6F6E6A10}.Release|Win32.Build.0 = Release|Win32
	EndGlobalSection
	GlobalSection(SolutionProperties) = preSolution
		HideSolutionNode = FALSE
	EndGlobalSection
EndGlobal
